
Microsoft Visual Studio Solution File, Format Version 12.00
# Visual Studio 15
VisualStudioVersion = 15.0.27130.2010
MinimumVisualStudioVersion = 10.0.40219.1
Project("{2150E333-8FDC-42A3-9474-1A3956D46DE8}") = "DuocPham", "DuocPham", "{E9A02F81-934D-4F07-A82F-B72BA476A34A}"
EndProject
Project("{FAE04EC0-301F-11D3-BF4B-00C04F79EFBC}") = "DuocPham.DAL", "DuocPham.DAL\DuocPham.DAL.csproj", "{71BB2B89-1AEC-4F03-9C91-D859AF7ACDA1}"
EndProject
Project("{2150E333-8FDC-42A3-9474-1A3956D46DE8}") = "BaoCao", "BaoCao", "{818D07C9-A30E-4F33-BCC4-893B71ECE527}"
EndProject
Project("{FAE04EC0-301F-11D3-BF4B-00C04F79EFBC}") = "BaoCao.GUI", "BaoCao.GUI\BaoCao.GUI.csproj", "{EC5BF0F4-A414-45D2-A4C6-7C698F26324A}"
EndProject
Project("{FAE04EC0-301F-11D3-BF4B-00C04F79EFBC}") = "BaoCao.DAL", "BaoCao.DAL\BaoCao.DAL.csproj", "{F0841F1F-5F9F-4266-9A80-9F0A635167C4}"
EndProject
Project("{2150E333-8FDC-42A3-9474-1A3956D46DE8}") = "KhamBenh", "KhamBenh", "{9294EE74-E7D6-48A0-9E6D-987E9FB122B7}"
EndProject
Project("{FAE04EC0-301F-11D3-BF4B-00C04F79EFBC}") = "KhamBenh.DAL", "KhamBenh.DAL\KhamBenh.DAL.csproj", "{F0C49925-9660-4D7A-B777-A99B3EC3C4B6}"
EndProject
Project("{FAE04EC0-301F-11D3-BF4B-00C04F79EFBC}") = "KhamBenh.GUI", "TiepNhan.GUI\KhamBenh.GUI.csproj", "{5A88788C-249F-4168-A604-CE2502819E32}"
EndProject
Project("{2150E333-8FDC-42A3-9474-1A3956D46DE8}") = "DataMining", "DataMining", "{13C2CB96-3942-4A76-8D5B-0C36747FE84C}"
EndProject
Project("{FAE04EC0-301F-11D3-BF4B-00C04F79EFBC}") = "DataMining", "DataMining\DataMining.csproj", "{77902308-17C3-4EE0-8CC4-885AFBF2AF6A}"
EndProject
Global
	GlobalSection(SolutionConfigurationPlatforms) = preSolution
		Debug|Any CPU = Debug|Any CPU
		Release|Any CPU = Release|Any CPU
	EndGlobalSection
	GlobalSection(ProjectConfigurationPlatforms) = postSolution
		{71BB2B89-1AEC-4F03-9C91-D859AF7ACDA1}.Debug|Any CPU.ActiveCfg = Debug|Any CPU
		{71BB2B89-1AEC-4F03-9C91-D859AF7ACDA1}.Debug|Any CPU.Build.0 = Debug|Any CPU
		{71BB2B89-1AEC-4F03-9C91-D859AF7ACDA1}.Release|Any CPU.ActiveCfg = Release|Any CPU
		{71BB2B89-1AEC-4F03-9C91-D859AF7ACDA1}.Release|Any CPU.Build.0 = Release|Any CPU
		{EC5BF0F4-A414-45D2-A4C6-7C698F26324A}.Debug|Any CPU.ActiveCfg = Debug|Any CPU
		{EC5BF0F4-A414-45D2-A4C6-7C698F26324A}.Debug|Any CPU.Build.0 = Debug|Any CPU
		{EC5BF0F4-A414-45D2-A4C6-7C698F26324A}.Release|Any CPU.ActiveCfg = Release|Any CPU
		{EC5BF0F4-A414-45D2-A4C6-7C698F26324A}.Release|Any CPU.Build.0 = Release|Any CPU
		{F0841F1F-5F9F-4266-9A80-9F0A635167C4}.Debug|Any CPU.ActiveCfg = Debug|Any CPU
		{F0841F1F-5F9F-4266-9A80-9F0A635167C4}.Debug|Any CPU.Build.0 = Debug|Any CPU
		{F0841F1F-5F9F-4266-9A80-9F0A635167C4}.Release|Any CPU.ActiveCfg = Release|Any CPU
		{F0841F1F-5F9F-4266-9A80-9F0A635167C4}.Release|Any CPU.Build.0 = Release|Any CPU
		{F0C49925-9660-4D7A-B777-A99B3EC3C4B6}.Debug|Any CPU.ActiveCfg = Debug|Any CPU
		{F0C49925-9660-4D7A-B777-A99B3EC3C4B6}.Debug|Any CPU.Build.0 = Debug|Any CPU
		{F0C49925-9660-4D7A-B777-A99B3EC3C4B6}.Release|Any CPU.ActiveCfg = Release|Any CPU
		{F0C49925-9660-4D7A-B777-A99B3EC3C4B6}.Release|Any CPU.Build.0 = Release|Any CPU
		{5A88788C-249F-4168-A604-CE2502819E32}.Debug|Any CPU.ActiveCfg = Debug|Any CPU
		{5A88788C-249F-4168-A604-CE2502819E32}.Debug|Any CPU.Build.0 = Debug|Any CPU
		{5A88788C-249F-4168-A604-CE2502819E32}.Release|Any CPU.ActiveCfg = Release|Any CPU
		{5A88788C-249F-4168-A604-CE2502819E32}.Release|Any CPU.Build.0 = Release|Any CPU
		{77902308-17C3-4EE0-8CC4-885AFBF2AF6A}.Debug|Any CPU.ActiveCfg = Debug|Any CPU
		{77902308-17C3-4EE0-8CC4-885AFBF2AF6A}.Debug|Any CPU.Build.0 = Debug|Any CPU
		{77902308-17C3-4EE0-8CC4-885AFBF2AF6A}.Release|Any CPU.ActiveCfg = Release|Any CPU
		{77902308-17C3-4EE0-8CC4-885AFBF2AF6A}.Release|Any CPU.Build.0 = Release|Any CPU
	EndGlobalSection
	GlobalSection(SolutionProperties) = preSolution
		HideSolutionNode = FALSE
	EndGlobalSection
	GlobalSection(NestedProjects) = preSolution
		{71BB2B89-1AEC-4F03-9C91-D859AF7ACDA1} = {E9A02F81-934D-4F07-A82F-B72BA476A34A}
		{EC5BF0F4-A414-45D2-A4C6-7C698F26324A} = {818D07C9-A30E-4F33-BCC4-893B71ECE527}
		{F0841F1F-5F9F-4266-9A80-9F0A635167C4} = {818D07C9-A30E-4F33-BCC4-893B71ECE527}
		{F0C49925-9660-4D7A-B777-A99B3EC3C4B6} = {9294EE74-E7D6-48A0-9E6D-987E9FB122B7}
		{5A88788C-249F-4168-A604-CE2502819E32} = {9294EE74-E7D6-48A0-9E6D-987E9FB122B7}
		{77902308-17C3-4EE0-8CC4-885AFBF2AF6A} = {13C2CB96-3942-4A76-8D5B-0C36747FE84C}
	EndGlobalSection
	GlobalSection(ExtensibilityGlobals) = postSolution
		SolutionGuid = {F9C16A22-04F7-4E05-A73C-F82630DB0645}
	EndGlobalSection
EndGlobal
